// !$*UTF8*$!
{
	archiveVersion = 1;
	classes = {
	};
	objectVersion = 56;
	objects = {

/* Begin PBXBuildFile section */
		724F5CF72C46AD77002816DF /* hikeData.json in Resources */ = {isa = PBXBuildFile; fileRef = 724F5CF62C46AD77002816DF /* hikeData.json */; };
		724F5CF92C46AD94002816DF /* Hike.swift in Sources */ = {isa = PBXBuildFile; fileRef = 724F5CF82C46AD94002816DF /* Hike.swift */; };
		724F5CFF2C46AE48002816DF /* GraphCapsule.swift in Sources */ = {isa = PBXBuildFile; fileRef = 724F5CFA2C46AE48002816DF /* GraphCapsule.swift */; };
		724F5D002C46AE48002816DF /* HikeDetail.swift in Sources */ = {isa = PBXBuildFile; fileRef = 724F5CFB2C46AE48002816DF /* HikeDetail.swift */; };
		724F5D012C46AE48002816DF /* HikeGraph.swift in Sources */ = {isa = PBXBuildFile; fileRef = 724F5CFC2C46AE48002816DF /* HikeGraph.swift */; };
		724F5D022C46AE48002816DF /* HikeView.swift in Sources */ = {isa = PBXBuildFile; fileRef = 724F5CFD2C46AE48002816DF /* HikeView.swift */; };
		725D66BA2C42BB8000F4C3F2 /* HexagonParameters.swift in Sources */ = {isa = PBXBuildFile; fileRef = 725D66B92C42BB8000F4C3F2 /* HexagonParameters.swift */; };
		725D66BC2C42BC2400F4C3F2 /* BadgeBackground.swift in Sources */ = {isa = PBXBuildFile; fileRef = 725D66BB2C42BC2400F4C3F2 /* BadgeBackground.swift */; };
		725D66BE2C42BF0500F4C3F2 /* BadgeSymbol.swift in Sources */ = {isa = PBXBuildFile; fileRef = 725D66BD2C42BF0500F4C3F2 /* BadgeSymbol.swift */; };
		725D66C02C42BF2A00F4C3F2 /* RotatedBadgeSymbol.swift in Sources */ = {isa = PBXBuildFile; fileRef = 725D66BF2C42BF2A00F4C3F2 /* RotatedBadgeSymbol.swift */; };
		725D66C22C42BF5400F4C3F2 /* Badge.swift in Sources */ = {isa = PBXBuildFile; fileRef = 725D66C12C42BF5400F4C3F2 /* Badge.swift */; };
		728F98742C405E170003DC22 /* LandmarksApp.swift in Sources */ = {isa = PBXBuildFile; fileRef = 728F98732C405E170003DC22 /* LandmarksApp.swift */; };
		728F98762C405E170003DC22 /* ContentView.swift in Sources */ = {isa = PBXBuildFile; fileRef = 728F98752C405E170003DC22 /* ContentView.swift */; };
		728F98782C405E180003DC22 /* Assets.xcassets in Resources */ = {isa = PBXBuildFile; fileRef = 728F98772C405E180003DC22 /* Assets.xcassets */; };
		728F987B2C405E180003DC22 /* Preview Assets.xcassets in Resources */ = {isa = PBXBuildFile; fileRef = 728F987A2C405E180003DC22 /* Preview Assets.xcassets */; };
		728F98822C40A86F0003DC22 /* CircleImage.swift in Sources */ = {isa = PBXBuildFile; fileRef = 728F98812C40A86F0003DC22 /* CircleImage.swift */; };
		728F98842C40A9150003DC22 /* MapView.swift in Sources */ = {isa = PBXBuildFile; fileRef = 728F98832C40A9150003DC22 /* MapView.swift */; };
		728F98862C40ADAD0003DC22 /* landmarkData.json in Resources */ = {isa = PBXBuildFile; fileRef = 728F98852C40ADAD0003DC22 /* landmarkData.json */; };
		728F98882C40ADD80003DC22 /* Landmark.swift in Sources */ = {isa = PBXBuildFile; fileRef = 728F98872C40ADD80003DC22 /* Landmark.swift */; };
		728F988A2C40AED00003DC22 /* ModelData.swift in Sources */ = {isa = PBXBuildFile; fileRef = 728F98892C40AED00003DC22 /* ModelData.swift */; };
		728F988F2C40AFB30003DC22 /* LandmarkRow.swift in Sources */ = {isa = PBXBuildFile; fileRef = 728F988E2C40AFB30003DC22 /* LandmarkRow.swift */; };
		728F98912C40B1240003DC22 /* LandmarkList.swift in Sources */ = {isa = PBXBuildFile; fileRef = 728F98902C40B1240003DC22 /* LandmarkList.swift */; };
		728F98932C40B2590003DC22 /* LandmarkDetail.swift in Sources */ = {isa = PBXBuildFile; fileRef = 728F98922C40B2590003DC22 /* LandmarkDetail.swift */; };
		72B8515F2C4173860011ADB6 /* FavoriteButton.swift in Sources */ = {isa = PBXBuildFile; fileRef = 72B8515E2C4173860011ADB6 /* FavoriteButton.swift */; };
		72D749DC2C486CEE00614ED2 /* CategoryHome.swift in Sources */ = {isa = PBXBuildFile; fileRef = 72D749DB2C486CEE00614ED2 /* CategoryHome.swift */; };
		72D749DE2C486E0200614ED2 /* CategoryRow.swift in Sources */ = {isa = PBXBuildFile; fileRef = 72D749DD2C486E0200614ED2 /* CategoryRow.swift */; };
		72D749E02C486E8800614ED2 /* CategoryItem.swift in Sources */ = {isa = PBXBuildFile; fileRef = 72D749DF2C486E8800614ED2 /* CategoryItem.swift */; };
		72D749E22C49EAFC00614ED2 /* Profile.swift in Sources */ = {isa = PBXBuildFile; fileRef = 72D749E12C49EAFC00614ED2 /* Profile.swift */; };
		72D749E52C49EC3E00614ED2 /* ProfileHost.swift in Sources */ = {isa = PBXBuildFile; fileRef = 72D749E42C49EC3E00614ED2 /* ProfileHost.swift */; };
		72D749E72C49EC8D00614ED2 /* ProfileSummary.swift in Sources */ = {isa = PBXBuildFile; fileRef = 72D749E62C49EC8D00614ED2 /* ProfileSummary.swift */; };
		72D749E92C49EDFE00614ED2 /* HikeBadge.swift in Sources */ = {isa = PBXBuildFile; fileRef = 72D749E82C49EDFE00614ED2 /* HikeBadge.swift */; };
		72D749EB2C49F24600614ED2 /* ProfileEditor.swift in Sources */ = {isa = PBXBuildFile; fileRef = 72D749EA2C49F24600614ED2 /* ProfileEditor.swift */; };
		72D749F02C49F74700614ED2 /* PageViewController.swift in Sources */ = {isa = PBXBuildFile; fileRef = 72D749EF2C49F74700614ED2 /* PageViewController.swift */; };
		72D749F22C49F8DC00614ED2 /* FeatureCard.swift in Sources */ = {isa = PBXBuildFile; fileRef = 72D749F12C49F8DC00614ED2 /* FeatureCard.swift */; };
		72D749F42C49FB8700614ED2 /* PageView.swift in Sources */ = {isa = PBXBuildFile; fileRef = 72D749F32C49FB8700614ED2 /* PageView.swift */; };
		72D749F62C49FED300614ED2 /* PageControl.swift in Sources */ = {isa = PBXBuildFile; fileRef = 72D749F52C49FED300614ED2 /* PageControl.swift */; };
		72D749FE2C4A01F200614ED2 /* WatchLandmarksApp.swift in Sources */ = {isa = PBXBuildFile; fileRef = 72D749FD2C4A01F200614ED2 /* WatchLandmarksApp.swift */; };
		72D74A002C4A01F200614ED2 /* ContentView.swift in Sources */ = {isa = PBXBuildFile; fileRef = 72D749FF2C4A01F200614ED2 /* ContentView.swift */; };
		72D74A022C4A01F300614ED2 /* Assets.xcassets in Resources */ = {isa = PBXBuildFile; fileRef = 72D74A012C4A01F300614ED2 /* Assets.xcassets */; };
		72D74A052C4A01F300614ED2 /* Preview Assets.xcassets in Resources */ = {isa = PBXBuildFile; fileRef = 72D74A042C4A01F300614ED2 /* Preview Assets.xcassets */; };
		72D74A082C4A01F300614ED2 /* WatchLandmarks Watch App.app in Embed Watch Content */ = {isa = PBXBuildFile; fileRef = 72D749FB2C4A01F200614ED2 /* WatchLandmarks Watch App.app */; settings = {ATTRIBUTES = (RemoveHeadersOnCopy, ); }; };
/* End PBXBuildFile section */

/* Begin PBXContainerItemProxy section */
		72D74A062C4A01F300614ED2 /* PBXContainerItemProxy */ = {
			isa = PBXContainerItemProxy;
			containerPortal = 728F98682C405E170003DC22 /* Project object */;
			proxyType = 1;
			remoteGlobalIDString = 72D749FA2C4A01F200614ED2;
			remoteInfo = "WatchLandmarks Watch App";
		};
/* End PBXContainerItemProxy section */

/* Begin PBXCopyFilesBuildPhase section */
		72D74A0C2C4A01F300614ED2 /* Embed Watch Content */ = {
			isa = PBXCopyFilesBuildPhase;
			buildActionMask = 2147483647;
			dstPath = "$(CONTENTS_FOLDER_PATH)/Watch";
			dstSubfolderSpec = 16;
			files = (
				72D74A082C4A01F300614ED2 /* WatchLandmarks Watch App.app in Embed Watch Content */,
			);
			name = "Embed Watch Content";
			runOnlyForDeploymentPostprocessing = 0;
		};
/* End PBXCopyFilesBuildPhase section */

/* Begin PBXFileReference section */
		724F5CF62C46AD77002816DF /* hikeData.json */ = {isa = PBXFileReference; fileEncoding = 4; lastKnownFileType = text.json; path = hikeData.json; sourceTree = "<group>"; };
		724F5CF82C46AD94002816DF /* Hike.swift */ = {isa = PBXFileReference; lastKnownFileType = sourcecode.swift; name = Hike.swift; path = Landmarks/Model/Hike.swift; sourceTree = SOURCE_ROOT; };
		724F5CFA2C46AE48002816DF /* GraphCapsule.swift */ = {isa = PBXFileReference; fileEncoding = 4; lastKnownFileType = sourcecode.swift; path = GraphCapsule.swift; sourceTree = "<group>"; };
		724F5CFB2C46AE48002816DF /* HikeDetail.swift */ = {isa = PBXFileReference; fileEncoding = 4; lastKnownFileType = sourcecode.swift; path = HikeDetail.swift; sourceTree = "<group>"; };
		724F5CFC2C46AE48002816DF /* HikeGraph.swift */ = {isa = PBXFileReference; fileEncoding = 4; lastKnownFileType = sourcecode.swift; path = HikeGraph.swift; sourceTree = "<group>"; };
		724F5CFD2C46AE48002816DF /* HikeView.swift */ = {isa = PBXFileReference; fileEncoding = 4; lastKnownFileType = sourcecode.swift; path = HikeView.swift; sourceTree = "<group>"; };
		725D66B92C42BB8000F4C3F2 /* HexagonParameters.swift */ = {isa = PBXFileReference; lastKnownFileType = sourcecode.swift; path = HexagonParameters.swift; sourceTree = "<group>"; };
		725D66BB2C42BC2400F4C3F2 /* BadgeBackground.swift */ = {isa = PBXFileReference; lastKnownFileType = sourcecode.swift; path = BadgeBackground.swift; sourceTree = "<group>"; };
		725D66BD2C42BF0500F4C3F2 /* BadgeSymbol.swift */ = {isa = PBXFileReference; lastKnownFileType = sourcecode.swift; path = BadgeSymbol.swift; sourceTree = "<group>"; };
		725D66BF2C42BF2A00F4C3F2 /* RotatedBadgeSymbol.swift */ = {isa = PBXFileReference; lastKnownFileType = sourcecode.swift; path = RotatedBadgeSymbol.swift; sourceTree = "<group>"; };
		725D66C12C42BF5400F4C3F2 /* Badge.swift */ = {isa = PBXFileReference; lastKnownFileType = sourcecode.swift; path = Badge.swift; sourceTree = "<group>"; };
		728F98702C405E170003DC22 /* Landmarks.app */ = {isa = PBXFileReference; explicitFileType = wrapper.application; includeInIndex = 0; path = Landmarks.app; sourceTree = BUILT_PRODUCTS_DIR; };
		728F98732C405E170003DC22 /* LandmarksApp.swift */ = {isa = PBXFileReference; lastKnownFileType = sourcecode.swift; path = LandmarksApp.swift; sourceTree = "<group>"; };
		728F98752C405E170003DC22 /* ContentView.swift */ = {isa = PBXFileReference; lastKnownFileType = sourcecode.swift; path = ContentView.swift; sourceTree = "<group>"; };
		728F98772C405E180003DC22 /* Assets.xcassets */ = {isa = PBXFileReference; lastKnownFileType = folder.assetcatalog; path = Assets.xcassets; sourceTree = "<group>"; };
		728F987A2C405E180003DC22 /* Preview Assets.xcassets */ = {isa = PBXFileReference; lastKnownFileType = folder.assetcatalog; path = "Preview Assets.xcassets"; sourceTree = "<group>"; };
		728F98812C40A86F0003DC22 /* CircleImage.swift */ = {isa = PBXFileReference; lastKnownFileType = sourcecode.swift; path = CircleImage.swift; sourceTree = "<group>"; };
		728F98832C40A9150003DC22 /* MapView.swift */ = {isa = PBXFileReference; lastKnownFileType = sourcecode.swift; path = MapView.swift; sourceTree = "<group>"; };
		728F98852C40ADAD0003DC22 /* landmarkData.json */ = {isa = PBXFileReference; fileEncoding = 4; lastKnownFileType = text.json; path = landmarkData.json; sourceTree = "<group>"; };
		728F98872C40ADD80003DC22 /* Landmark.swift */ = {isa = PBXFileReference; lastKnownFileType = sourcecode.swift; path = Landmark.swift; sourceTree = "<group>"; };
		728F98892C40AED00003DC22 /* ModelData.swift */ = {isa = PBXFileReference; lastKnownFileType = sourcecode.swift; path = ModelData.swift; sourceTree = "<group>"; };
		728F988E2C40AFB30003DC22 /* LandmarkRow.swift */ = {isa = PBXFileReference; lastKnownFileType = sourcecode.swift; path = LandmarkRow.swift; sourceTree = "<group>"; };
		728F98902C40B1240003DC22 /* LandmarkList.swift */ = {isa = PBXFileReference; lastKnownFileType = sourcecode.swift; path = LandmarkList.swift; sourceTree = "<group>"; };
		728F98922C40B2590003DC22 /* LandmarkDetail.swift */ = {isa = PBXFileReference; lastKnownFileType = sourcecode.swift; path = LandmarkDetail.swift; sourceTree = "<group>"; };
		72B8515E2C4173860011ADB6 /* FavoriteButton.swift */ = {isa = PBXFileReference; lastKnownFileType = sourcecode.swift; path = FavoriteButton.swift; sourceTree = "<group>"; };
		72D749DB2C486CEE00614ED2 /* CategoryHome.swift */ = {isa = PBXFileReference; lastKnownFileType = sourcecode.swift; path = CategoryHome.swift; sourceTree = "<group>"; };
		72D749DD2C486E0200614ED2 /* CategoryRow.swift */ = {isa = PBXFileReference; lastKnownFileType = sourcecode.swift; path = CategoryRow.swift; sourceTree = "<group>"; };
		72D749DF2C486E8800614ED2 /* CategoryItem.swift */ = {isa = PBXFileReference; lastKnownFileType = sourcecode.swift; path = CategoryItem.swift; sourceTree = "<group>"; };
		72D749E12C49EAFC00614ED2 /* Profile.swift */ = {isa = PBXFileReference; lastKnownFileType = sourcecode.swift; path = Profile.swift; sourceTree = "<group>"; };
		72D749E42C49EC3E00614ED2 /* ProfileHost.swift */ = {isa = PBXFileReference; lastKnownFileType = sourcecode.swift; path = ProfileHost.swift; sourceTree = "<group>"; };
		72D749E62C49EC8D00614ED2 /* ProfileSummary.swift */ = {isa = PBXFileReference; lastKnownFileType = sourcecode.swift; path = ProfileSummary.swift; sourceTree = "<group>"; };
		72D749E82C49EDFE00614ED2 /* HikeBadge.swift */ = {isa = PBXFileReference; lastKnownFileType = sourcecode.swift; path = HikeBadge.swift; sourceTree = "<group>"; };
		72D749EA2C49F24600614ED2 /* ProfileEditor.swift */ = {isa = PBXFileReference; lastKnownFileType = sourcecode.swift; path = ProfileEditor.swift; sourceTree = "<group>"; };
		72D749EF2C49F74700614ED2 /* PageViewController.swift */ = {isa = PBXFileReference; lastKnownFileType = sourcecode.swift; path = PageViewController.swift; sourceTree = "<group>"; };
		72D749F12C49F8DC00614ED2 /* FeatureCard.swift */ = {isa = PBXFileReference; lastKnownFileType = sourcecode.swift; path = FeatureCard.swift; sourceTree = "<group>"; };
		72D749F32C49FB8700614ED2 /* PageView.swift */ = {isa = PBXFileReference; lastKnownFileType = sourcecode.swift; path = PageView.swift; sourceTree = "<group>"; };
		72D749F52C49FED300614ED2 /* PageControl.swift */ = {isa = PBXFileReference; lastKnownFileType = sourcecode.swift; path = PageControl.swift; sourceTree = "<group>"; };
		72D749FB2C4A01F200614ED2 /* WatchLandmarks Watch App.app */ = {isa = PBXFileReference; explicitFileType = wrapper.application; includeInIndex = 0; path = "WatchLandmarks Watch App.app"; sourceTree = BUILT_PRODUCTS_DIR; };
		72D749FD2C4A01F200614ED2 /* WatchLandmarksApp.swift */ = {isa = PBXFileReference; lastKnownFileType = sourcecode.swift; path = WatchLandmarksApp.swift; sourceTree = "<group>"; };
		72D749FF2C4A01F200614ED2 /* ContentView.swift */ = {isa = PBXFileReference; lastKnownFileType = sourcecode.swift; path = ContentView.swift; sourceTree = "<group>"; };
		72D74A012C4A01F300614ED2 /* Assets.xcassets */ = {isa = PBXFileReference; lastKnownFileType = folder.assetcatalog; path = Assets.xcassets; sourceTree = "<group>"; };
		72D74A042C4A01F300614ED2 /* Preview Assets.xcassets */ = {isa = PBXFileReference; lastKnownFileType = folder.assetcatalog; path = "Preview Assets.xcassets"; sourceTree = "<group>"; };
/* End PBXFileReference section */

/* Begin PBXFrameworksBuildPhase section */
		728F986D2C405E170003DC22 /* Frameworks */ = {
			isa = PBXFrameworksBuildPhase;
			buildActionMask = 2147483647;
			files = (
			);
			runOnlyForDeploymentPostprocessing = 0;
		};
		72D749F82C4A01F200614ED2 /* Frameworks */ = {
			isa = PBXFrameworksBuildPhase;
			buildActionMask = 2147483647;
			files = (
			);
			runOnlyForDeploymentPostprocessing = 0;
		};
/* End PBXFrameworksBuildPhase section */

/* Begin PBXGroup section */
		724F5CFE2C46AE48002816DF /* Hikes */ = {
			isa = PBXGroup;
			children = (
				724F5CFA2C46AE48002816DF /* GraphCapsule.swift */,
				724F5CFB2C46AE48002816DF /* HikeDetail.swift */,
				724F5CFC2C46AE48002816DF /* HikeGraph.swift */,
				724F5CFD2C46AE48002816DF /* HikeView.swift */,
				72D749E82C49EDFE00614ED2 /* HikeBadge.swift */,
			);
			path = Hikes;
			sourceTree = "<group>";
		};
		725D66C32C42BF9500F4C3F2 /* Badges */ = {
			isa = PBXGroup;
			children = (
				725D66B92C42BB8000F4C3F2 /* HexagonParameters.swift */,
				725D66BB2C42BC2400F4C3F2 /* BadgeBackground.swift */,
				725D66BD2C42BF0500F4C3F2 /* BadgeSymbol.swift */,
				725D66BF2C42BF2A00F4C3F2 /* RotatedBadgeSymbol.swift */,
				725D66C12C42BF5400F4C3F2 /* Badge.swift */,
			);
			path = Badges;
			sourceTree = "<group>";
		};
		728F98672C405E170003DC22 = {
			isa = PBXGroup;
			children = (
				728F98722C405E170003DC22 /* Landmarks */,
				72D749FC2C4A01F200614ED2 /* WatchLandmarks Watch App */,
				728F98712C405E170003DC22 /* Products */,
			);
			sourceTree = "<group>";
		};
		728F98712C405E170003DC22 /* Products */ = {
			isa = PBXGroup;
			children = (
				728F98702C405E170003DC22 /* Landmarks.app */,
				72D749FB2C4A01F200614ED2 /* WatchLandmarks Watch App.app */,
			);
			name = Products;
			sourceTree = "<group>";
		};
		728F98722C405E170003DC22 /* Landmarks */ = {
			isa = PBXGroup;
			children = (
				728F98732C405E170003DC22 /* LandmarksApp.swift */,
				72B851602C4173900011ADB6 /* Helpers */,
				725D66C32C42BF9500F4C3F2 /* Badges */,
				728F988B2C40AF490003DC22 /* Views */,
				728F988C2C40AF6F0003DC22 /* Model */,
				728F988D2C40AF790003DC22 /* Resources */,
				728F98772C405E180003DC22 /* Assets.xcassets */,
				728F98792C405E180003DC22 /* Preview Content */,
			);
			path = Landmarks;
			sourceTree = "<group>";
		};
		728F98792C405E180003DC22 /* Preview Content */ = {
			isa = PBXGroup;
			children = (
				728F987A2C405E180003DC22 /* Preview Assets.xcassets */,
			);
			path = "Preview Content";
			sourceTree = "<group>";
		};
		728F988B2C40AF490003DC22 /* Views */ = {
			isa = PBXGroup;
			children = (
				72D749EC2C49F6D200614ED2 /* PageView */,
				72D749E32C49EC2B00614ED2 /* Profiles */,
				72D749DA2C486CD800614ED2 /* Categories */,
				728F98752C405E170003DC22 /* ContentView.swift */,
				728F988E2C40AFB30003DC22 /* LandmarkRow.swift */,
				728F98902C40B1240003DC22 /* LandmarkList.swift */,
				728F98922C40B2590003DC22 /* LandmarkDetail.swift */,
				72D749F12C49F8DC00614ED2 /* FeatureCard.swift */,
			);
			path = Views;
			sourceTree = "<group>";
		};
		728F988C2C40AF6F0003DC22 /* Model */ = {
			isa = PBXGroup;
			children = (
				724F5CF82C46AD94002816DF /* Hike.swift */,
				728F98872C40ADD80003DC22 /* Landmark.swift */,
				728F98892C40AED00003DC22 /* ModelData.swift */,
				72D749E12C49EAFC00614ED2 /* Profile.swift */,
			);
			path = Model;
			sourceTree = "<group>";
		};
		728F988D2C40AF790003DC22 /* Resources */ = {
			isa = PBXGroup;
			children = (
				724F5CFE2C46AE48002816DF /* Hikes */,
				724F5CF62C46AD77002816DF /* hikeData.json */,
				728F98852C40ADAD0003DC22 /* landmarkData.json */,
			);
			path = Resources;
			sourceTree = "<group>";
		};
		72B851602C4173900011ADB6 /* Helpers */ = {
			isa = PBXGroup;
			children = (
				728F98812C40A86F0003DC22 /* CircleImage.swift */,
				728F98832C40A9150003DC22 /* MapView.swift */,
				72B8515E2C4173860011ADB6 /* FavoriteButton.swift */,
			);
			path = Helpers;
			sourceTree = "<group>";
		};
		72D749DA2C486CD800614ED2 /* Categories */ = {
			isa = PBXGroup;
			children = (
				72D749DB2C486CEE00614ED2 /* CategoryHome.swift */,
				72D749DD2C486E0200614ED2 /* CategoryRow.swift */,
				72D749DF2C486E8800614ED2 /* CategoryItem.swift */,
			);
			path = Categories;
			sourceTree = "<group>";
		};
		72D749E32C49EC2B00614ED2 /* Profiles */ = {
			isa = PBXGroup;
			children = (
				72D749E42C49EC3E00614ED2 /* ProfileHost.swift */,
				72D749E62C49EC8D00614ED2 /* ProfileSummary.swift */,
				72D749EA2C49F24600614ED2 /* ProfileEditor.swift */,
			);
			path = Profiles;
			sourceTree = "<group>";
		};
		72D749EC2C49F6D200614ED2 /* PageView */ = {
			isa = PBXGroup;
			children = (
				72D749EF2C49F74700614ED2 /* PageViewController.swift */,
				72D749F32C49FB8700614ED2 /* PageView.swift */,
				72D749F52C49FED300614ED2 /* PageControl.swift */,
			);
			path = PageView;
			sourceTree = "<group>";
		};
		72D749FC2C4A01F200614ED2 /* WatchLandmarks Watch App */ = {
			isa = PBXGroup;
			children = (
				72D749FD2C4A01F200614ED2 /* WatchLandmarksApp.swift */,
				72D749FF2C4A01F200614ED2 /* ContentView.swift */,
				72D74A012C4A01F300614ED2 /* Assets.xcassets */,
				72D74A032C4A01F300614ED2 /* Preview Content */,
			);
			path = "WatchLandmarks Watch App";
			sourceTree = "<group>";
		};
		72D74A032C4A01F300614ED2 /* Preview Content */ = {
			isa = PBXGroup;
			children = (
				72D74A042C4A01F300614ED2 /* Preview Assets.xcassets */,
			);
			path = "Preview Content";
			sourceTree = "<group>";
		};
/* End PBXGroup section */

/* Begin PBXNativeTarget section */
		728F986F2C405E170003DC22 /* Landmarks */ = {
			isa = PBXNativeTarget;
			buildConfigurationList = 728F987E2C405E180003DC22 /* Build configuration list for PBXNativeTarget "Landmarks" */;
			buildPhases = (
				728F986C2C405E170003DC22 /* Sources */,
				728F986D2C405E170003DC22 /* Frameworks */,
				728F986E2C405E170003DC22 /* Resources */,
				72D74A0C2C4A01F300614ED2 /* Embed Watch Content */,
			);
			buildRules = (
			);
			dependencies = (
				72D74A072C4A01F300614ED2 /* PBXTargetDependency */,
			);
			name = Landmarks;
			productName = Landmarks;
			productReference = 728F98702C405E170003DC22 /* Landmarks.app */;
			productType = "com.apple.product-type.application";
		};
		72D749FA2C4A01F200614ED2 /* WatchLandmarks Watch App */ = {
			isa = PBXNativeTarget;
			buildConfigurationList = 72D74A092C4A01F300614ED2 /* Build configuration list for PBXNativeTarget "WatchLandmarks Watch App" */;
			buildPhases = (
				72D749F72C4A01F200614ED2 /* Sources */,
				72D749F82C4A01F200614ED2 /* Frameworks */,
				72D749F92C4A01F200614ED2 /* Resources */,
			);
			buildRules = (
			);
			dependencies = (
			);
			name = "WatchLandmarks Watch App";
			productName = "WatchLandmarks Watch App";
			productReference = 72D749FB2C4A01F200614ED2 /* WatchLandmarks Watch App.app */;
			productType = "com.apple.product-type.application";
		};
/* End PBXNativeTarget section */

/* Begin PBXProject section */
		728F98682C405E170003DC22 /* Project object */ = {
			isa = PBXProject;
			attributes = {
				BuildIndependentTargetsInParallel = 1;
				LastSwiftUpdateCheck = 1540;
				LastUpgradeCheck = 1540;
				TargetAttributes = {
					728F986F2C405E170003DC22 = {
						CreatedOnToolsVersion = 15.4;
					};
					72D749FA2C4A01F200614ED2 = {
						CreatedOnToolsVersion = 15.4;
					};
				};
			};
			buildConfigurationList = 728F986B2C405E170003DC22 /* Build configuration list for PBXProject "Landmarks" */;
			compatibilityVersion = "Xcode 14.0";
			developmentRegion = en;
			hasScannedForEncodings = 0;
			knownRegions = (
				en,
				Base,
			);
			mainGroup = 728F98672C405E170003DC22;
			productRefGroup = 728F98712C405E170003DC22 /* Products */;
			projectDirPath = "";
			projectRoot = "";
			targets = (
				728F986F2C405E170003DC22 /* Landmarks */,
				72D749FA2C4A01F200614ED2 /* WatchLandmarks Watch App */,
			);
		};
/* End PBXProject section */

/* Begin PBXResourcesBuildPhase section */
		728F986E2C405E170003DC22 /* Resources */ = {
			isa = PBXResourcesBuildPhase;
			buildActionMask = 2147483647;
			files = (
				724F5CF72C46AD77002816DF /* hikeData.json in Resources */,
				728F987B2C405E180003DC22 /* Preview Assets.xcassets in Resources */,
				728F98782C405E180003DC22 /* Assets.xcassets in Resources */,
				728F98862C40ADAD0003DC22 /* landmarkData.json in Resources */,
			);
			runOnlyForDeploymentPostprocessing = 0;
		};
		72D749F92C4A01F200614ED2 /* Resources */ = {
			isa = PBXResourcesBuildPhase;
			buildActionMask = 2147483647;
			files = (
				72D74A052C4A01F300614ED2 /* Preview Assets.xcassets in Resources */,
				72D74A022C4A01F300614ED2 /* Assets.xcassets in Resources */,
			);
			runOnlyForDeploymentPostprocessing = 0;
		};
/* End PBXResourcesBuildPhase section */

/* Begin PBXSourcesBuildPhase section */
		728F986C2C405E170003DC22 /* Sources */ = {
			isa = PBXSourcesBuildPhase;
			buildActionMask = 2147483647;
			files = (
				72D749DE2C486E0200614ED2 /* CategoryRow.swift in Sources */,
				72D749E22C49EAFC00614ED2 /* Profile.swift in Sources */,
				728F98762C405E170003DC22 /* ContentView.swift in Sources */,
				72D749DC2C486CEE00614ED2 /* CategoryHome.swift in Sources */,
				72D749F22C49F8DC00614ED2 /* FeatureCard.swift in Sources */,
				725D66C22C42BF5400F4C3F2 /* Badge.swift in Sources */,
				728F98842C40A9150003DC22 /* MapView.swift in Sources */,
				724F5CFF2C46AE48002816DF /* GraphCapsule.swift in Sources */,
				724F5D012C46AE48002816DF /* HikeGraph.swift in Sources */,
				728F98742C405E170003DC22 /* LandmarksApp.swift in Sources */,
				72D749F62C49FED300614ED2 /* PageControl.swift in Sources */,
				72B8515F2C4173860011ADB6 /* FavoriteButton.swift in Sources */,
				72D749E02C486E8800614ED2 /* CategoryItem.swift in Sources */,
				725D66BA2C42BB8000F4C3F2 /* HexagonParameters.swift in Sources */,
				72D749E72C49EC8D00614ED2 /* ProfileSummary.swift in Sources */,
				724F5CF92C46AD94002816DF /* Hike.swift in Sources */,
				72D749E52C49EC3E00614ED2 /* ProfileHost.swift in Sources */,
				725D66C02C42BF2A00F4C3F2 /* RotatedBadgeSymbol.swift in Sources */,
				725D66BE2C42BF0500F4C3F2 /* BadgeSymbol.swift in Sources */,
				72D749F42C49FB8700614ED2 /* PageView.swift in Sources */,
				728F98912C40B1240003DC22 /* LandmarkList.swift in Sources */,
				72D749EB2C49F24600614ED2 /* ProfileEditor.swift in Sources */,
				724F5D002C46AE48002816DF /* HikeDetail.swift in Sources */,
				724F5D022C46AE48002816DF /* HikeView.swift in Sources */,
				728F98932C40B2590003DC22 /* LandmarkDetail.swift in Sources */,
				72D749F02C49F74700614ED2 /* PageViewController.swift in Sources */,
				725D66BC2C42BC2400F4C3F2 /* BadgeBackground.swift in Sources */,
				72D749E92C49EDFE00614ED2 /* HikeBadge.swift in Sources */,
				728F98822C40A86F0003DC22 /* CircleImage.swift in Sources */,
				728F98882C40ADD80003DC22 /* Landmark.swift in Sources */,
				728F988F2C40AFB30003DC22 /* LandmarkRow.swift in Sources */,
				728F988A2C40AED00003DC22 /* ModelData.swift in Sources */,
			);
			runOnlyForDeploymentPostprocessing = 0;
		};
		72D749F72C4A01F200614ED2 /* Sources */ = {
			isa = PBXSourcesBuildPhase;
			buildActionMask = 2147483647;
			files = (
				72D74A002C4A01F200614ED2 /* ContentView.swift in Sources */,
				72D749FE2C4A01F200614ED2 /* WatchLandmarksApp.swift in Sources */,
			);
			runOnlyForDeploymentPostprocessing = 0;
		};
/* End PBXSourcesBuildPhase section */

/* Begin PBXTargetDependency section */
		72D74A072C4A01F300614ED2 /* PBXTargetDependency */ = {
			isa = PBXTargetDependency;
			target = 72D749FA2C4A01F200614ED2 /* WatchLandmarks Watch App */;
			targetProxy = 72D74A062C4A01F300614ED2 /* PBXContainerItemProxy */;
		};
/* End PBXTargetDependency section */

/* Begin XCBuildConfiguration section */
		728F987C2C405E180003DC22 /* Debug */ = {
			isa = XCBuildConfiguration;
			buildSettings = {
				ALWAYS_SEARCH_USER_PATHS = NO;
				ASSETCATALOG_COMPILER_GENERATE_SWIFT_ASSET_SYMBOL_EXTENSIONS = YES;
				CLANG_ANALYZER_NONNULL = YES;
				CLANG_ANALYZER_NUMBER_OBJECT_CONVERSION = YES_AGGRESSIVE;
				CLANG_CXX_LANGUAGE_STANDARD = "gnu++20";
				CLANG_ENABLE_MODULES = YES;
				CLANG_ENABLE_OBJC_ARC = YES;
				CLANG_ENABLE_OBJC_WEAK = YES;
				CLANG_WARN_BLOCK_CAPTURE_AUTORELEASING = YES;
				CLANG_WARN_BOOL_CONVERSION = YES;
				CLANG_WARN_COMMA = YES;
				CLANG_WARN_CONSTANT_CONVERSION = YES;
				CLANG_WARN_DEPRECATED_OBJC_IMPLEMENTATIONS = YES;
				CLANG_WARN_DIRECT_OBJC_ISA_USAGE = YES_ERROR;
				CLANG_WARN_DOCUMENTATION_COMMENTS = YES;
				CLANG_WARN_EMPTY_BODY = YES;
				CLANG_WARN_ENUM_CONVERSION = YES;
				CLANG_WARN_INFINITE_RECURSION = YES;
				CLANG_WARN_INT_CONVERSION = YES;
				CLANG_WARN_NON_LITERAL_NULL_CONVERSION = YES;
				CLANG_WARN_OBJC_IMPLICIT_RETAIN_SELF = YES;
				CLANG_WARN_OBJC_LITERAL_CONVERSION = YES;
				CLANG_WARN_OBJC_ROOT_CLASS = YES_ERROR;
				CLANG_WARN_QUOTED_INCLUDE_IN_FRAMEWORK_HEADER = YES;
				CLANG_WARN_RANGE_LOOP_ANALYSIS = YES;
				CLANG_WARN_STRICT_PROTOTYPES = YES;
				CLANG_WARN_SUSPICIOUS_MOVE = YES;
				CLANG_WARN_UNGUARDED_AVAILABILITY = YES_AGGRESSIVE;
				CLANG_WARN_UNREACHABLE_CODE = YES;
				CLANG_WARN__DUPLICATE_METHOD_MATCH = YES;
				COPY_PHASE_STRIP = NO;
				DEBUG_INFORMATION_FORMAT = dwarf;
				ENABLE_STRICT_OBJC_MSGSEND = YES;
				ENABLE_TESTABILITY = YES;
				ENABLE_USER_SCRIPT_SANDBOXING = YES;
				GCC_C_LANGUAGE_STANDARD = gnu17;
				GCC_DYNAMIC_NO_PIC = NO;
				GCC_NO_COMMON_BLOCKS = YES;
				GCC_OPTIMIZATION_LEVEL = 0;
				GCC_PREPROCESSOR_DEFINITIONS = (
					"DEBUG=1",
					"$(inherited)",
				);
				GCC_WARN_64_TO_32_BIT_CONVERSION = YES;
				GCC_WARN_ABOUT_RETURN_TYPE = YES_ERROR;
				GCC_WARN_UNDECLARED_SELECTOR = YES;
				GCC_WARN_UNINITIALIZED_AUTOS = YES_AGGRESSIVE;
				GCC_WARN_UNUSED_FUNCTION = YES;
				GCC_WARN_UNUSED_VARIABLE = YES;
				IPHONEOS_DEPLOYMENT_TARGET = 17.5;
				LOCALIZATION_PREFERS_STRING_CATALOGS = YES;
				MTL_ENABLE_DEBUG_INFO = INCLUDE_SOURCE;
				MTL_FAST_MATH = YES;
				ONLY_ACTIVE_ARCH = YES;
				SDKROOT = iphoneos;
				SWIFT_ACTIVE_COMPILATION_CONDITIONS = "DEBUG $(inherited)";
				SWIFT_OPTIMIZATION_LEVEL = "-Onone";
			};
			name = Debug;
		};
		728F987D2C405E180003DC22 /* Release */ = {
			isa = XCBuildConfiguration;
			buildSettings = {
				ALWAYS_SEARCH_USER_PATHS = NO;
				ASSETCATALOG_COMPILER_GENERATE_SWIFT_ASSET_SYMBOL_EXTENSIONS = YES;
				CLANG_ANALYZER_NONNULL = YES;
				CLANG_ANALYZER_NUMBER_OBJECT_CONVERSION = YES_AGGRESSIVE;
				CLANG_CXX_LANGUAGE_STANDARD = "gnu++20";
				CLANG_ENABLE_MODULES = YES;
				CLANG_ENABLE_OBJC_ARC = YES;
				CLANG_ENABLE_OBJC_WEAK = YES;
				CLANG_WARN_BLOCK_CAPTURE_AUTORELEASING = YES;
				CLANG_WARN_BOOL_CONVERSION = YES;
				CLANG_WARN_COMMA = YES;
				CLANG_WARN_CONSTANT_CONVERSION = YES;
				CLANG_WARN_DEPRECATED_OBJC_IMPLEMENTATIONS = YES;
				CLANG_WARN_DIRECT_OBJC_ISA_USAGE = YES_ERROR;
				CLANG_WARN_DOCUMENTATION_COMMENTS = YES;
				CLANG_WARN_EMPTY_BODY = YES;
				CLANG_WARN_ENUM_CONVERSION = YES;
				CLANG_WARN_INFINITE_RECURSION = YES;
				CLANG_WARN_INT_CONVERSION = YES;
				CLANG_WARN_NON_LITERAL_NULL_CONVERSION = YES;
				CLANG_WARN_OBJC_IMPLICIT_RETAIN_SELF = YES;
				CLANG_WARN_OBJC_LITERAL_CONVERSION = YES;
				CLANG_WARN_OBJC_ROOT_CLASS = YES_ERROR;
				CLANG_WARN_QUOTED_INCLUDE_IN_FRAMEWORK_HEADER = YES;
				CLANG_WARN_RANGE_LOOP_ANALYSIS = YES;
				CLANG_WARN_STRICT_PROTOTYPES = YES;
				CLANG_WARN_SUSPICIOUS_MOVE = YES;
				CLANG_WARN_UNGUARDED_AVAILABILITY = YES_AGGRESSIVE;
				CLANG_WARN_UNREACHABLE_CODE = YES;
				CLANG_WARN__DUPLICATE_METHOD_MATCH = YES;
				COPY_PHASE_STRIP = NO;
				DEBUG_INFORMATION_FORMAT = "dwarf-with-dsym";
				ENABLE_NS_ASSERTIONS = NO;
				ENABLE_STRICT_OBJC_MSGSEND = YES;
				ENABLE_USER_SCRIPT_SANDBOXING = YES;
				GCC_C_LANGUAGE_STANDARD = gnu17;
				GCC_NO_COMMON_BLOCKS = YES;
				GCC_WARN_64_TO_32_BIT_CONVERSION = YES;
				GCC_WARN_ABOUT_RETURN_TYPE = YES_ERROR;
				GCC_WARN_UNDECLARED_SELECTOR = YES;
				GCC_WARN_UNINITIALIZED_AUTOS = YES_AGGRESSIVE;
				GCC_WARN_UNUSED_FUNCTION = YES;
				GCC_WARN_UNUSED_VARIABLE = YES;
				IPHONEOS_DEPLOYMENT_TARGET = 17.5;
				LOCALIZATION_PREFERS_STRING_CATALOGS = YES;
				MTL_ENABLE_DEBUG_INFO = NO;
				MTL_FAST_MATH = YES;
				SDKROOT = iphoneos;
				SWIFT_COMPILATION_MODE = wholemodule;
				VALIDATE_PRODUCT = YES;
			};
			name = Release;
		};
		728F987F2C405E180003DC22 /* Debug */ = {
			isa = XCBuildConfiguration;
			buildSettings = {
				ALWAYS_EMBED_SWIFT_STANDARD_LIBRARIES = YES;
				ASSETCATALOG_COMPILER_APPICON_NAME = AppIcon;
				ASSETCATALOG_COMPILER_GLOBAL_ACCENT_COLOR_NAME = AccentColor;
				CODE_SIGN_STYLE = Automatic;
				CURRENT_PROJECT_VERSION = 1;
				DEVELOPMENT_ASSET_PATHS = "\"Landmarks/Preview Content\"";
				ENABLE_PREVIEWS = YES;
				GENERATE_INFOPLIST_FILE = YES;
				INFOPLIST_KEY_UIApplicationSceneManifest_Generation = YES;
				INFOPLIST_KEY_UIApplicationSupportsIndirectInputEvents = YES;
				INFOPLIST_KEY_UILaunchScreen_Generation = YES;
				INFOPLIST_KEY_UISupportedInterfaceOrientations_iPad = "UIInterfaceOrientationPortrait UIInterfaceOrientationPortraitUpsideDown UIInterfaceOrientationLandscapeLeft UIInterfaceOrientationLandscapeRight";
				INFOPLIST_KEY_UISupportedInterfaceOrientations_iPhone = "UIInterfaceOrientationPortrait UIInterfaceOrientationLandscapeLeft UIInterfaceOrientationLandscapeRight";
				LD_RUNPATH_SEARCH_PATHS = (
					"$(inherited)",
					"@executable_path/Frameworks",
				);
				MARKETING_VERSION = 1.0;
				PRODUCT_BUNDLE_IDENTIFIER = com.jonmcdaniel.Landmarks;
				PRODUCT_NAME = "$(TARGET_NAME)";
				SWIFT_EMIT_LOC_STRINGS = YES;
				SWIFT_VERSION = 5.0;
				TARGETED_DEVICE_FAMILY = "1,2";
			};
			name = Debug;
		};
		728F98802C405E180003DC22 /* Release */ = {
			isa = XCBuildConfiguration;
			buildSettings = {
				ALWAYS_EMBED_SWIFT_STANDARD_LIBRARIES = YES;
				ASSETCATALOG_COMPILER_APPICON_NAME = AppIcon;
				ASSETCATALOG_COMPILER_GLOBAL_ACCENT_COLOR_NAME = AccentColor;
				CODE_SIGN_STYLE = Automatic;
				CURRENT_PROJECT_VERSION = 1;
				DEVELOPMENT_ASSET_PATHS = "\"Landmarks/Preview Content\"";
				ENABLE_PREVIEWS = YES;
				GENERATE_INFOPLIST_FILE = YES;
				INFOPLIST_KEY_UIApplicationSceneManifest_Generation = YES;
				INFOPLIST_KEY_UIApplicationSupportsIndirectInputEvents = YES;
				INFOPLIST_KEY_UILaunchScreen_Generation = YES;
				INFOPLIST_KEY_UISupportedInterfaceOrientations_iPad = "UIInterfaceOrientationPortrait UIInterfaceOrientationPortraitUpsideDown UIInterfaceOrientationLandscapeLeft UIInterfaceOrientationLandscapeRight";
				INFOPLIST_KEY_UISupportedInterfaceOrientations_iPhone = "UIInterfaceOrientationPortrait UIInterfaceOrientationLandscapeLeft UIInterfaceOrientationLandscapeRight";
				LD_RUNPATH_SEARCH_PATHS = (
					"$(inherited)",
					"@executable_path/Frameworks",
				);
				MARKETING_VERSION = 1.0;
				PRODUCT_BUNDLE_IDENTIFIER = com.jonmcdaniel.Landmarks;
				PRODUCT_NAME = "$(TARGET_NAME)";
				SWIFT_EMIT_LOC_STRINGS = YES;
				SWIFT_VERSION = 5.0;
				TARGETED_DEVICE_FAMILY = "1,2";
			};
			name = Release;
		};
		72D74A0A2C4A01F300614ED2 /* Debug */ = {
			isa = XCBuildConfiguration;
			buildSettings = {
				ASSETCATALOG_COMPILER_APPICON_NAME = AppIcon;
				ASSETCATALOG_COMPILER_GLOBAL_ACCENT_COLOR_NAME = AccentColor;
				CODE_SIGN_STYLE = Automatic;
				CURRENT_PROJECT_VERSION = 1;
				DEVELOPMENT_ASSET_PATHS = "\"WatchLandmarks Watch App/Preview Content\"";
				ENABLE_PREVIEWS = YES;
				GENERATE_INFOPLIST_FILE = YES;
				INFOPLIST_KEY_CFBundleDisplayName = WatchLandmarks;
				INFOPLIST_KEY_UISupportedInterfaceOrientations = "UIInterfaceOrientationPortrait UIInterfaceOrientationPortraitUpsideDown";
				INFOPLIST_KEY_WKCompanionAppBundleIdentifier = com.jonmcdaniel.Landmarks;
				INFOPLIST_KEY_WKRunsIndependentlyOfCompanionApp = YES;
				LD_RUNPATH_SEARCH_PATHS = (
					"$(inherited)",
					"@executable_path/Frameworks",
				);
				MARKETING_VERSION = 1.0;
				PRODUCT_BUNDLE_IDENTIFIER = com.jonmcdaniel.Landmarks.watchkitapp;
				PRODUCT_NAME = "$(TARGET_NAME)";
				SDKROOT = watchos;
				SKIP_INSTALL = YES;
				SWIFT_EMIT_LOC_STRINGS = YES;
				SWIFT_VERSION = 5.0;
				TARGETED_DEVICE_FAMILY = 4;
				WATCHOS_DEPLOYMENT_TARGET = 10.5;
			};
			name = Debug;
		};
		72D74A0B2C4A01F300614ED2 /* Release */ = {
			isa = XCBuildConfiguration;
			buildSettings = {
				ASSETCATALOG_COMPILER_APPICON_NAME = AppIcon;
				ASSETCATALOG_COMPILER_GLOBAL_ACCENT_COLOR_NAME = AccentColor;
				CODE_SIGN_STYLE = Automatic;
				CURRENT_PROJECT_VERSION = 1;
				DEVELOPMENT_ASSET_PATHS = "\"WatchLandmarks Watch App/Preview Content\"";
				ENABLE_PREVIEWS = YES;
				GENERATE_INFOPLIST_FILE = YES;
				INFOPLIST_KEY_CFBundleDisplayName = WatchLandmarks;
				INFOPLIST_KEY_UISupportedInterfaceOrientations = "UIInterfaceOrientationPortrait UIInterfaceOrientationPortraitUpsideDown";
				INFOPLIST_KEY_WKCompanionAppBundleIdentifier = com.jonmcdaniel.Landmarks;
				INFOPLIST_KEY_WKRunsIndependentlyOfCompanionApp = YES;
				LD_RUNPATH_SEARCH_PATHS = (
					"$(inherited)",
					"@executable_path/Frameworks",
				);
				MARKETING_VERSION = 1.0;
				PRODUCT_BUNDLE_IDENTIFIER = com.jonmcdaniel.Landmarks.watchkitapp;
				PRODUCT_NAME = "$(TARGET_NAME)";
				SDKROOT = watchos;
				SKIP_INSTALL = YES;
				SWIFT_EMIT_LOC_STRINGS = YES;
				SWIFT_VERSION = 5.0;
				TARGETED_DEVICE_FAMILY = 4;
				WATCHOS_DEPLOYMENT_TARGET = 10.5;
			};
			name = Release;
		};
/* End XCBuildConfiguration section */

/* Begin XCConfigurationList section */
		728F986B2C405E170003DC22 /* Build configuration list for PBXProject "Landmarks" */ = {
			isa = XCConfigurationList;
			buildConfigurations = (
				728F987C2C405E180003DC22 /* Debug */,
				728F987D2C405E180003DC22 /* Release */,
			);
			defaultConfigurationIsVisible = 0;
			defaultConfigurationName = Release;
		};
		728F987E2C405E180003DC22 /* Build configuration list for PBXNativeTarget "Landmarks" */ = {
			isa = XCConfigurationList;
			buildConfigurations = (
				728F987F2C405E180003DC22 /* Debug */,
				728F98802C405E180003DC22 /* Release */,
			);
			defaultConfigurationIsVisible = 0;
			defaultConfigurationName = Release;
		};
		72D74A092C4A01F300614ED2 /* Build configuration list for PBXNativeTarget "WatchLandmarks Watch App" */ = {
			isa = XCConfigurationList;
			buildConfigurations = (
				72D74A0A2C4A01F300614ED2 /* Debug */,
				72D74A0B2C4A01F300614ED2 /* Release */,
			);
			defaultConfigurationIsVisible = 0;
			defaultConfigurationName = Release;
		};
/* End XCConfigurationList section */
	};
	rootObject = 728F98682C405E170003DC22 /* Project object */;
}
